version = 1
requires-python = ">=3.10"
resolution-markers = [
    "(python_full_version >= '3.12' and sys_platform == 'linux') or (python_full_version >= '3.12' and sys_platform == 'win32')",
    "(python_full_version < '3.12' and sys_platform == 'linux') or (python_full_version < '3.12' and sys_platform == 'win32')",
    "python_full_version >= '3.12' and sys_platform != 'linux' and sys_platform != 'win32'",
    "python_full_version < '3.12' and sys_platform != 'linux' and sys_platform != 'win32'",
]

[[package]]
name = "filelock"
version = "3.18.0"
source = { registry = "https://pypi.org/simple" }
sdist = { url = "https://files.pythonhosted.org/packages/0a/10/c23352565a6544bdc5353e0b15fc1c563352101f30e24bf500207a54df9a/filelock-3.18.0.tar.gz", hash = "sha256:adbc88eabb99d2fec8c9c1b229b171f18afa655400173ddc653d5d01501fb9f2", size = 18075 }
wheels = [
    { url = "https://files.pythonhosted.org/packages/4d/36/2a115987e2d8c300a974597416d9de88f2444426de9571f4b59b2cca3acc/filelock-3.18.0-py3-none-any.whl", hash = "sha256:c401f4f8377c4464e6db25fff06205fd89bdd83b65eb0488ed1b160f780e21de", size = 16215 },
]

[[package]]
name = "fsspec"
version = "2025.3.2"
source = { registry = "https://pypi.org/simple" }
sdist = { url = "https://files.pythonhosted.org/packages/45/d8/8425e6ba5fcec61a1d16e41b1b71d2bf9344f1fe48012c2b48b9620feae5/fsspec-2025.3.2.tar.gz", hash = "sha256:e52c77ef398680bbd6a98c0e628fbc469491282981209907bbc8aea76a04fdc6", size = 299281 }
wheels = [
    { url = "https://files.pythonhosted.org/packages/44/4b/e0cfc1a6f17e990f3e64b7d941ddc4acdc7b19d6edd51abf495f32b1a9e4/fsspec-2025.3.2-py3-none-any.whl", hash = "sha256:2daf8dc3d1dfa65b6aa37748d112773a7a08416f6c70d96b264c96476ecaf711", size = 194435 },
]

[[package]]
name = "jinja2"
version = "3.1.6"
source = { registry = "https://pypi.org/simple" }
dependencies = [
    { name = "markupsafe" },
]
sdist = { url = "https://files.pythonhosted.org/packages/df/bf/f7da0350254c0ed7c72f3e33cef02e048281fec7ecec5f032d4aac52226b/jinja2-3.1.6.tar.gz", hash = "sha256:0137fb05990d35f1275a587e9aee6d56da821fc83491a0fb838183be43f66d6d", size = 245115 }
wheels = [
    { url = "https://files.pythonhosted.org/packages/62/a1/3d680cbfd5f4b8f15abc1d571870c5fc3e594bb582bc3b64ea099db13e56/jinja2-3.1.6-py3-none-any.whl", hash = "sha256:85ece4451f492d0c13c5dd7c13a64681a86afae63a5f347908daf103ce6d2f67", size = 134899 },
]

[[package]]
name = "markupsafe"
version = "3.0.2"
source = { registry = "https://pypi.org/simple" }
sdist = { url = "https://files.pythonhosted.org/packages/b2/97/5d42485e71dfc078108a86d6de8fa46db44a1a9295e89c5d6d4a06e23a62/markupsafe-3.0.2.tar.gz", hash = "sha256:ee55d3edf80167e48ea11a923c7386f4669df67d7994554387f84e7d8b0a2bf0", size = 20537 }
wheels = [
    { url = "https://files.pythonhosted.org/packages/04/90/d08277ce111dd22f77149fd1a5d4653eeb3b3eaacbdfcbae5afb2600eebd/MarkupSafe-3.0.2-cp310-cp310-macosx_10_9_universal2.whl", hash = "sha256:7e94c425039cde14257288fd61dcfb01963e658efbc0ff54f5306b06054700f8", size = 14357 },
    { url = "https://files.pythonhosted.org/packages/04/e1/6e2194baeae0bca1fae6629dc0cbbb968d4d941469cbab11a3872edff374/MarkupSafe-3.0.2-cp310-cp310-macosx_11_0_arm64.whl", hash = "sha256:9e2d922824181480953426608b81967de705c3cef4d1af983af849d7bd619158", size = 12393 },
    { url = "https://files.pythonhosted.org/packages/1d/69/35fa85a8ece0a437493dc61ce0bb6d459dcba482c34197e3efc829aa357f/MarkupSafe-3.0.2-cp310-cp310-manylinux_2_17_aarch64.manylinux2014_aarch64.whl", hash = "sha256:38a9ef736c01fccdd6600705b09dc574584b89bea478200c5fbf112a6b0d5579", size = 21732 },
    { url = "https://files.pythonhosted.org/packages/22/35/137da042dfb4720b638d2937c38a9c2df83fe32d20e8c8f3185dbfef05f7/MarkupSafe-3.0.2-cp310-cp310-manylinux_2_17_x86_64.manylinux2014_x86_64.whl", hash = "sha256:bbcb445fa71794da8f178f0f6d66789a28d7319071af7a496d4d507ed566270d", size = 20866 },
    { url = "https://files.pythonhosted.org/packages/29/28/6d029a903727a1b62edb51863232152fd335d602def598dade38996887f0/MarkupSafe-3.0.2-cp310-cp310-manylinux_2_5_i686.manylinux1_i686.manylinux_2_17_i686.manylinux2014_i686.whl", hash = "sha256:57cb5a3cf367aeb1d316576250f65edec5bb3be939e9247ae594b4bcbc317dfb", size = 20964 },
    { url = "https://files.pythonhosted.org/packages/cc/cd/07438f95f83e8bc028279909d9c9bd39e24149b0d60053a97b2bc4f8aa51/MarkupSafe-3.0.2-cp310-cp310-musllinux_1_2_aarch64.whl", hash = "sha256:3809ede931876f5b2ec92eef964286840ed3540dadf803dd570c3b7e13141a3b", size = 21977 },
    { url = "https://files.pythonhosted.org/packages/29/01/84b57395b4cc062f9c4c55ce0df7d3108ca32397299d9df00fedd9117d3d/MarkupSafe-3.0.2-cp310-cp310-musllinux_1_2_i686.whl", hash = "sha256:e07c3764494e3776c602c1e78e298937c3315ccc9043ead7e685b7f2b8d47b3c", size = 21366 },
    { url = "https://files.pythonhosted.org/packages/bd/6e/61ebf08d8940553afff20d1fb1ba7294b6f8d279df9fd0c0db911b4bbcfd/MarkupSafe-3.0.2-cp310-cp310-musllinux_1_2_x86_64.whl", hash = "sha256:b424c77b206d63d500bcb69fa55ed8d0e6a3774056bdc4839fc9298a7edca171", size = 21091 },
    { url = "https://files.pythonhosted.org/packages/11/23/ffbf53694e8c94ebd1e7e491de185124277964344733c45481f32ede2499/MarkupSafe-3.0.2-cp310-cp310-win32.whl", hash = "sha256:fcabf5ff6eea076f859677f5f0b6b5c1a51e70a376b0579e0eadef8db48c6b50", size = 15065 },
    { url = "https://files.pythonhosted.org/packages/44/06/e7175d06dd6e9172d4a69a72592cb3f7a996a9c396eee29082826449bbc3/MarkupSafe-3.0.2-cp310-cp310-win_amd64.whl", hash = "sha256:6af100e168aa82a50e186c82875a5893c5597a0c1ccdb0d8b40240b1f28b969a", size = 15514 },
    { url = "https://files.pythonhosted.org/packages/6b/28/bbf83e3f76936960b850435576dd5e67034e200469571be53f69174a2dfd/MarkupSafe-3.0.2-cp311-cp311-macosx_10_9_universal2.whl", hash = "sha256:9025b4018f3a1314059769c7bf15441064b2207cb3f065e6ea1e7359cb46db9d", size = 14353 },
    { url = "https://files.pythonhosted.org/packages/6c/30/316d194b093cde57d448a4c3209f22e3046c5bb2fb0820b118292b334be7/MarkupSafe-3.0.2-cp311-cp311-macosx_11_0_arm64.whl", hash = "sha256:93335ca3812df2f366e80509ae119189886b0f3c2b81325d39efdb84a1e2ae93", size = 12392 },
    { url = "https://files.pythonhosted.org/packages/f2/96/9cdafba8445d3a53cae530aaf83c38ec64c4d5427d975c974084af5bc5d2/MarkupSafe-3.0.2-cp311-cp311-manylinux_2_17_aarch64.manylinux2014_aarch64.whl", hash = "sha256:2cb8438c3cbb25e220c2ab33bb226559e7afb3baec11c4f218ffa7308603c832", size = 23984 },
    { url = "https://files.pythonhosted.org/packages/f1/a4/aefb044a2cd8d7334c8a47d3fb2c9f328ac48cb349468cc31c20b539305f/MarkupSafe-3.0.2-cp311-cp311-manylinux_2_17_x86_64.manylinux2014_x86_64.whl", hash = "sha256:a123e330ef0853c6e822384873bef7507557d8e4a082961e1defa947aa59ba84", size = 23120 },
    { url = "https://files.pythonhosted.org/packages/8d/21/5e4851379f88f3fad1de30361db501300d4f07bcad047d3cb0449fc51f8c/MarkupSafe-3.0.2-cp311-cp311-manylinux_2_5_i686.manylinux1_i686.manylinux_2_17_i686.manylinux2014_i686.whl", hash = "sha256:1e084f686b92e5b83186b07e8a17fc09e38fff551f3602b249881fec658d3eca", size = 23032 },
    { url = "https://files.pythonhosted.org/packages/00/7b/e92c64e079b2d0d7ddf69899c98842f3f9a60a1ae72657c89ce2655c999d/MarkupSafe-3.0.2-cp311-cp311-musllinux_1_2_aarch64.whl", hash = "sha256:d8213e09c917a951de9d09ecee036d5c7d36cb6cb7dbaece4c71a60d79fb9798", size = 24057 },
    { url = "https://files.pythonhosted.org/packages/f9/ac/46f960ca323037caa0a10662ef97d0a4728e890334fc156b9f9e52bcc4ca/MarkupSafe-3.0.2-cp311-cp311-musllinux_1_2_i686.whl", hash = "sha256:5b02fb34468b6aaa40dfc198d813a641e3a63b98c2b05a16b9f80b7ec314185e", size = 23359 },
    { url = "https://files.pythonhosted.org/packages/69/84/83439e16197337b8b14b6a5b9c2105fff81d42c2a7c5b58ac7b62ee2c3b1/MarkupSafe-3.0.2-cp311-cp311-musllinux_1_2_x86_64.whl", hash = "sha256:0bff5e0ae4ef2e1ae4fdf2dfd5b76c75e5c2fa4132d05fc1b0dabcd20c7e28c4", size = 23306 },
    { url = "https://files.pythonhosted.org/packages/9a/34/a15aa69f01e2181ed8d2b685c0d2f6655d5cca2c4db0ddea775e631918cd/MarkupSafe-3.0.2-cp311-cp311-win32.whl", hash = "sha256:6c89876f41da747c8d3677a2b540fb32ef5715f97b66eeb0c6b66f5e3ef6f59d", size = 15094 },
    { url = "https://files.pythonhosted.org/packages/da/b8/3a3bd761922d416f3dc5d00bfbed11f66b1ab89a0c2b6e887240a30b0f6b/MarkupSafe-3.0.2-cp311-cp311-win_amd64.whl", hash = "sha256:70a87b411535ccad5ef2f1df5136506a10775d267e197e4cf531ced10537bd6b", size = 15521 },
    { url = "https://files.pythonhosted.org/packages/22/09/d1f21434c97fc42f09d290cbb6350d44eb12f09cc62c9476effdb33a18aa/MarkupSafe-3.0.2-cp312-cp312-macosx_10_13_universal2.whl", hash = "sha256:9778bd8ab0a994ebf6f84c2b949e65736d5575320a17ae8984a77fab08db94cf", size = 14274 },
    { url = "https://files.pythonhosted.org/packages/6b/b0/18f76bba336fa5aecf79d45dcd6c806c280ec44538b3c13671d49099fdd0/MarkupSafe-3.0.2-cp312-cp312-macosx_11_0_arm64.whl", hash = "sha256:846ade7b71e3536c4e56b386c2a47adf5741d2d8b94ec9dc3e92e5e1ee1e2225", size = 12348 },
    { url = "https://files.pythonhosted.org/packages/e0/25/dd5c0f6ac1311e9b40f4af06c78efde0f3b5cbf02502f8ef9501294c425b/MarkupSafe-3.0.2-cp312-cp312-manylinux_2_17_aarch64.manylinux2014_aarch64.whl", hash = "sha256:1c99d261bd2d5f6b59325c92c73df481e05e57f19837bdca8413b9eac4bd8028", size = 24149 },
    { url = "https://files.pythonhosted.org/packages/f3/f0/89e7aadfb3749d0f52234a0c8c7867877876e0a20b60e2188e9850794c17/MarkupSafe-3.0.2-cp312-cp312-manylinux_2_17_x86_64.manylinux2014_x86_64.whl", hash = "sha256:e17c96c14e19278594aa4841ec148115f9c7615a47382ecb6b82bd8fea3ab0c8", size = 23118 },
    { url = "https://files.pythonhosted.org/packages/d5/da/f2eeb64c723f5e3777bc081da884b414671982008c47dcc1873d81f625b6/MarkupSafe-3.0.2-cp312-cp312-manylinux_2_5_i686.manylinux1_i686.manylinux_2_17_i686.manylinux2014_i686.whl", hash = "sha256:88416bd1e65dcea10bc7569faacb2c20ce071dd1f87539ca2ab364bf6231393c", size = 22993 },
    { url = "https://files.pythonhosted.org/packages/da/0e/1f32af846df486dce7c227fe0f2398dc7e2e51d4a370508281f3c1c5cddc/MarkupSafe-3.0.2-cp312-cp312-musllinux_1_2_aarch64.whl", hash = "sha256:2181e67807fc2fa785d0592dc2d6206c019b9502410671cc905d132a92866557", size = 24178 },
    { url = "https://files.pythonhosted.org/packages/c4/f6/bb3ca0532de8086cbff5f06d137064c8410d10779c4c127e0e47d17c0b71/MarkupSafe-3.0.2-cp312-cp312-musllinux_1_2_i686.whl", hash = "sha256:52305740fe773d09cffb16f8ed0427942901f00adedac82ec8b67752f58a1b22", size = 23319 },
    { url = "https://files.pythonhosted.org/packages/a2/82/8be4c96ffee03c5b4a034e60a31294daf481e12c7c43ab8e34a1453ee48b/MarkupSafe-3.0.2-cp312-cp312-musllinux_1_2_x86_64.whl", hash = "sha256:ad10d3ded218f1039f11a75f8091880239651b52e9bb592ca27de44eed242a48", size = 23352 },
    { url = "https://files.pythonhosted.org/packages/51/ae/97827349d3fcffee7e184bdf7f41cd6b88d9919c80f0263ba7acd1bbcb18/MarkupSafe-3.0.2-cp312-cp312-win32.whl", hash = "sha256:0f4ca02bea9a23221c0182836703cbf8930c5e9454bacce27e767509fa286a30", size = 15097 },
    { url = "https://files.pythonhosted.org/packages/c1/80/a61f99dc3a936413c3ee4e1eecac96c0da5ed07ad56fd975f1a9da5bc630/MarkupSafe-3.0.2-cp312-cp312-win_amd64.whl", hash = "sha256:8e06879fc22a25ca47312fbe7c8264eb0b662f6db27cb2d3bbbc74b1df4b9b87", size = 15601 },
    { url = "https://files.pythonhosted.org/packages/83/0e/67eb10a7ecc77a0c2bbe2b0235765b98d164d81600746914bebada795e97/MarkupSafe-3.0.2-cp313-cp313-macosx_10_13_universal2.whl", hash = "sha256:ba9527cdd4c926ed0760bc301f6728ef34d841f405abf9d4f959c478421e4efd", size = 14274 },
    { url = "https://files.pythonhosted.org/packages/2b/6d/9409f3684d3335375d04e5f05744dfe7e9f120062c9857df4ab490a1031a/MarkupSafe-3.0.2-cp313-cp313-macosx_11_0_arm64.whl", hash = "sha256:f8b3d067f2e40fe93e1ccdd6b2e1d16c43140e76f02fb1319a05cf2b79d99430", size = 12352 },
    { url = "https://files.pythonhosted.org/packages/d2/f5/6eadfcd3885ea85fe2a7c128315cc1bb7241e1987443d78c8fe712d03091/MarkupSafe-3.0.2-cp313-cp313-manylinux_2_17_aarch64.manylinux2014_aarch64.whl", hash = "sha256:569511d3b58c8791ab4c2e1285575265991e6d8f8700c7be0e88f86cb0672094", size = 24122 },
    { url = "https://files.pythonhosted.org/packages/0c/91/96cf928db8236f1bfab6ce15ad070dfdd02ed88261c2afafd4b43575e9e9/MarkupSafe-3.0.2-cp313-cp313-manylinux_2_17_x86_64.manylinux2014_x86_64.whl", hash = "sha256:15ab75ef81add55874e7ab7055e9c397312385bd9ced94920f2802310c930396", size = 23085 },
    { url = "https://files.pythonhosted.org/packages/c2/cf/c9d56af24d56ea04daae7ac0940232d31d5a8354f2b457c6d856b2057d69/MarkupSafe-3.0.2-cp313-cp313-manylinux_2_5_i686.manylinux1_i686.manylinux_2_17_i686.manylinux2014_i686.whl", hash = "sha256:f3818cb119498c0678015754eba762e0d61e5b52d34c8b13d770f0719f7b1d79", size = 22978 },
    { url = "https://files.pythonhosted.org/packages/2a/9f/8619835cd6a711d6272d62abb78c033bda638fdc54c4e7f4272cf1c0962b/MarkupSafe-3.0.2-cp313-cp313-musllinux_1_2_aarch64.whl", hash = "sha256:cdb82a876c47801bb54a690c5ae105a46b392ac6099881cdfb9f6e95e4014c6a", size = 24208 },
    { url = "https://files.pythonhosted.org/packages/f9/bf/176950a1792b2cd2102b8ffeb5133e1ed984547b75db47c25a67d3359f77/MarkupSafe-3.0.2-cp313-cp313-musllinux_1_2_i686.whl", hash = "sha256:cabc348d87e913db6ab4aa100f01b08f481097838bdddf7c7a84b7575b7309ca", size = 23357 },
    { url = "https://files.pythonhosted.org/packages/ce/4f/9a02c1d335caabe5c4efb90e1b6e8ee944aa245c1aaaab8e8a618987d816/MarkupSafe-3.0.2-cp313-cp313-musllinux_1_2_x86_64.whl", hash = "sha256:444dcda765c8a838eaae23112db52f1efaf750daddb2d9ca300bcae1039adc5c", size = 23344 },
    { url = "https://files.pythonhosted.org/packages/ee/55/c271b57db36f748f0e04a759ace9f8f759ccf22b4960c270c78a394f58be/MarkupSafe-3.0.2-cp313-cp313-win32.whl", hash = "sha256:bcf3e58998965654fdaff38e58584d8937aa3096ab5354d493c77d1fdd66d7a1", size = 15101 },
    { url = "https://files.pythonhosted.org/packages/29/88/07df22d2dd4df40aba9f3e402e6dc1b8ee86297dddbad4872bd5e7b0094f/MarkupSafe-3.0.2-cp313-cp313-win_amd64.whl", hash = "sha256:e6a2a455bd412959b57a172ce6328d2dd1f01cb2135efda2e4576e8a23fa3b0f", size = 15603 },
    { url = "https://files.pythonhosted.org/packages/62/6a/8b89d24db2d32d433dffcd6a8779159da109842434f1dd2f6e71f32f738c/MarkupSafe-3.0.2-cp313-cp313t-macosx_10_13_universal2.whl", hash = "sha256:b5a6b3ada725cea8a5e634536b1b01c30bcdcd7f9c6fff4151548d5bf6b3a36c", size = 14510 },
    { url = "https://files.pythonhosted.org/packages/7a/06/a10f955f70a2e5a9bf78d11a161029d278eeacbd35ef806c3fd17b13060d/MarkupSafe-3.0.2-cp313-cp313t-macosx_11_0_arm64.whl", hash = "sha256:a904af0a6162c73e3edcb969eeeb53a63ceeb5d8cf642fade7d39e7963a22ddb", size = 12486 },
    { url = "https://files.pythonhosted.org/packages/34/cf/65d4a571869a1a9078198ca28f39fba5fbb910f952f9dbc5220afff9f5e6/MarkupSafe-3.0.2-cp313-cp313t-manylinux_2_17_aarch64.manylinux2014_aarch64.whl", hash = "sha256:4aa4e5faecf353ed117801a068ebab7b7e09ffb6e1d5e412dc852e0da018126c", size = 25480 },
    { url = "https://files.pythonhosted.org/packages/0c/e3/90e9651924c430b885468b56b3d597cabf6d72be4b24a0acd1fa0e12af67/MarkupSafe-3.0.2-cp313-cp313t-manylinux_2_17_x86_64.manylinux2014_x86_64.whl", hash = "sha256:c0ef13eaeee5b615fb07c9a7dadb38eac06a0608b41570d8ade51c56539e509d", size = 23914 },
    { url = "https://files.pythonhosted.org/packages/66/8c/6c7cf61f95d63bb866db39085150df1f2a5bd3335298f14a66b48e92659c/MarkupSafe-3.0.2-cp313-cp313t-manylinux_2_5_i686.manylinux1_i686.manylinux_2_17_i686.manylinux2014_i686.whl", hash = "sha256:d16a81a06776313e817c951135cf7340a3e91e8c1ff2fac444cfd75fffa04afe", size = 23796 },
    { url = "https://files.pythonhosted.org/packages/bb/35/cbe9238ec3f47ac9a7c8b3df7a808e7cb50fe149dc7039f5f454b3fba218/MarkupSafe-3.0.2-cp313-cp313t-musllinux_1_2_aarch64.whl", hash = "sha256:6381026f158fdb7c72a168278597a5e3a5222e83ea18f543112b2662a9b699c5", size = 25473 },
    { url = "https://files.pythonhosted.org/packages/e6/32/7621a4382488aa283cc05e8984a9c219abad3bca087be9ec77e89939ded9/MarkupSafe-3.0.2-cp313-cp313t-musllinux_1_2_i686.whl", hash = "sha256:3d79d162e7be8f996986c064d1c7c817f6df3a77fe3d6859f6f9e7be4b8c213a", size = 24114 },
    { url = "https://files.pythonhosted.org/packages/0d/80/0985960e4b89922cb5a0bac0ed39c5b96cbc1a536a99f30e8c220a996ed9/MarkupSafe-3.0.2-cp313-cp313t-musllinux_1_2_x86_64.whl", hash = "sha256:131a3c7689c85f5ad20f9f6fb1b866f402c445b220c19fe4308c0b147ccd2ad9", size = 24098 },
    { url = "https://files.pythonhosted.org/packages/82/78/fedb03c7d5380df2427038ec8d973587e90561b2d90cd472ce9254cf348b/MarkupSafe-3.0.2-cp313-cp313t-win32.whl", hash = "sha256:ba8062ed2cf21c07a9e295d5b8a2a5ce678b913b45fdf68c32d95d6c1291e0b6", size = 15208 },
    { url = "https://files.pythonhosted.org/packages/4f/65/6079a46068dfceaeabb5dcad6d674f5f5c61a6fa5673746f42a9f4c233b3/MarkupSafe-3.0.2-cp313-cp313t-win_amd64.whl", hash = "sha256:e444a31f8db13eb18ada366ab3cf45fd4b31e4db1236a4448f68778c1d1a5a2f", size = 15739 },
]

[[package]]
name = "mpmath"
version = "1.3.0"
source = { registry = "https://pypi.org/simple" }
sdist = { url = "https://files.pythonhosted.org/packages/e0/47/dd32fa426cc72114383ac549964eecb20ecfd886d1e5ccf5340b55b02f57/mpmath-1.3.0.tar.gz", hash = "sha256:7a28eb2a9774d00c7bc92411c19a89209d5da7c4c9a9e227be8330a23a25b91f", size = 508106 }
wheels = [
    { url = "https://files.pythonhosted.org/packages/43/e3/7d92a15f894aa0c9c4b49b8ee9ac9850d6e63b03c9c32c0367a13ae62209/mpmath-1.3.0-py3-none-any.whl", hash = "sha256:a0b2b9fe80bbcd81a6647ff13108738cfb482d481d826cc0e02f5b35e5c88d2c", size = 536198 },
]

[[package]]
name = "networkx"
version = "3.4.2"
source = { registry = "https://pypi.org/simple" }
sdist = { url = "https://files.pythonhosted.org/packages/fd/1d/06475e1cd5264c0b870ea2cc6fdb3e37177c1e565c43f56ff17a10e3937f/networkx-3.4.2.tar.gz", hash = "sha256:307c3669428c5362aab27c8a1260aa8f47c4e91d3891f48be0141738d8d053e1", size = 2151368 }
wheels = [
    { url = "https://files.pythonhosted.org/packages/b9/54/dd730b32ea14ea797530a4479b2ed46a6fb250f682a9cfb997e968bf0261/networkx-3.4.2-py3-none-any.whl", hash = "sha256:df5d4365b724cf81b8c6a7312509d0c22386097011ad1abe274afd5e9d3bbc5f", size = 1723263 },
]

[[package]]
name = "nvidia-cublas-cu12"
version = "12.8.3.14"
source = { registry = "https://pypi.org/simple" }
wheels = [
    { url = "https://files.pythonhosted.org/packages/82/df/4b01f10069e23c641f116c62fc31e31e8dc361a153175d81561d15c8143b/nvidia_cublas_cu12-12.8.3.14-py3-none-manylinux_2_27_x86_64.whl", hash = "sha256:3f0e05e7293598cf61933258b73e66a160c27d59c4422670bf0b79348c04be44", size = 609620630 },
]

[[package]]
name = "nvidia-cuda-cupti-cu12"
version = "12.8.57"
source = { registry = "https://pypi.org/simple" }
wheels = [
    { url = "https://files.pythonhosted.org/packages/39/6f/3683ecf4e38931971946777d231c2df00dd5c1c4c2c914c42ad8f9f4dca6/nvidia_cuda_cupti_cu12-12.8.57-py3-none-manylinux2014_x86_64.manylinux_2_17_x86_64.whl", hash = "sha256:8e0b2eb847de260739bee4a3f66fac31378f4ff49538ff527a38a01a9a39f950", size = 10237547 },
]

[[package]]
name = "nvidia-cuda-nvrtc-cu12"
version = "12.8.61"
source = { registry = "https://pypi.org/simple" }
wheels = [
    { url = "https://files.pythonhosted.org/packages/d4/22/32029d4583f7b19cfe75c84399cbcfd23f2aaf41c66fc8db4da460104fff/nvidia_cuda_nvrtc_cu12-12.8.61-py3-none-manylinux2010_x86_64.manylinux_2_12_x86_64.whl", hash = "sha256:a0fa9c2a21583105550ebd871bd76e2037205d56f33f128e69f6d2a55e0af9ed", size = 88024585 },
]

[[package]]
name = "nvidia-cuda-runtime-cu12"
version = "12.8.57"
source = { registry = "https://pypi.org/simple" }
wheels = [
    { url = "https://files.pythonhosted.org/packages/16/f6/0e1ef31f4753a44084310ba1a7f0abaf977ccd810a604035abb43421c057/nvidia_cuda_runtime_cu12-12.8.57-py3-none-manylinux2014_x86_64.manylinux_2_17_x86_64.whl", hash = "sha256:75342e28567340b7428ce79a5d6bb6ca5ff9d07b69e7ce00d2c7b4dc23eff0be", size = 954762 },
]

[[package]]
name = "nvidia-cudnn-cu12"
version = "9.7.1.26"
source = { registry = "https://pypi.org/simple" }
dependencies = [
    { name = "nvidia-cublas-cu12", marker = "sys_platform == 'linux' or sys_platform == 'win32'" },
]
wheels = [
    { url = "https://files.pythonhosted.org/packages/25/dc/dc825c4b1c83b538e207e34f48f86063c88deaa35d46c651c7c181364ba2/nvidia_cudnn_cu12-9.7.1.26-py3-none-manylinux_2_27_x86_64.whl", hash = "sha256:6d011159a158f3cfc47bf851aea79e31bcff60d530b70ef70474c84cac484d07", size = 726851421 },
]

[[package]]
name = "nvidia-cufft-cu12"
version = "11.3.3.41"
source = { registry = "https://pypi.org/simple" }
dependencies = [
    { name = "nvidia-nvjitlink-cu12", marker = "sys_platform == 'linux' or sys_platform == 'win32'" },
]
wheels = [
    { url = "https://files.pythonhosted.org/packages/ac/26/b53c493c38dccb1f1a42e1a21dc12cba2a77fbe36c652f7726d9ec4aba28/nvidia_cufft_cu12-11.3.3.41-py3-none-manylinux2014_x86_64.manylinux_2_17_x86_64.whl", hash = "sha256:da650080ab79fcdf7a4b06aa1b460e99860646b176a43f6208099bdc17836b6a", size = 193118795 },
]

[[package]]
name = "nvidia-cufile-cu12"
version = "1.13.0.11"
source = { registry = "https://pypi.org/simple" }
wheels = [
    { url = "https://files.pythonhosted.org/packages/e5/9c/1f3264d0a84c8a031487fb7f59780fc78fa6f1c97776233956780e3dc3ac/nvidia_cufile_cu12-1.13.0.11-py3-none-manylinux2014_x86_64.manylinux_2_17_x86_64.whl", hash = "sha256:483f434c541806936b98366f6d33caef5440572de8ddf38d453213729da3e7d4", size = 1197801 },
]

[[package]]
name = "nvidia-curand-cu12"
version = "10.3.9.55"
source = { registry = "https://pypi.org/simple" }
wheels = [
    { url = "https://files.pythonhosted.org/packages/bd/fc/7be5d0082507269bb04ac07cc614c84b78749efb96e8cf4100a8a1178e98/nvidia_curand_cu12-10.3.9.55-py3-none-manylinux_2_27_x86_64.whl", hash = "sha256:8387d974240c91f6a60b761b83d4b2f9b938b7e0b9617bae0f0dafe4f5c36b86", size = 63618038 },
]

[[package]]
name = "nvidia-cusolver-cu12"
version = "11.7.2.55"
source = { registry = "https://pypi.org/simple" }
dependencies = [
    { name = "nvidia-cublas-cu12", marker = "sys_platform == 'linux' or sys_platform == 'win32'" },
    { name = "nvidia-cusparse-cu12", marker = "sys_platform == 'linux' or sys_platform == 'win32'" },
    { name = "nvidia-nvjitlink-cu12", marker = "sys_platform == 'linux' or sys_platform == 'win32'" },
]
wheels = [
    { url = "https://files.pythonhosted.org/packages/c2/08/953675873a136d96bb12f93b49ba045d1107bc94d2551c52b12fa6c7dec3/nvidia_cusolver_cu12-11.7.2.55-py3-none-manylinux_2_27_x86_64.whl", hash = "sha256:4d1354102f1e922cee9db51920dba9e2559877cf6ff5ad03a00d853adafb191b", size = 260373342 },
]

[[package]]
name = "nvidia-cusparse-cu12"
version = "12.5.7.53"
source = { registry = "https://pypi.org/simple" }
dependencies = [
    { name = "nvidia-nvjitlink-cu12", marker = "sys_platform == 'linux' or sys_platform == 'win32'" },
]
wheels = [
    { url = "https://files.pythonhosted.org/packages/c2/ab/31e8149c66213b846c082a3b41b1365b831f41191f9f40c6ddbc8a7d550e/nvidia_cusparse_cu12-12.5.7.53-py3-none-manylinux2014_x86_64.manylinux_2_17_x86_64.whl", hash = "sha256:3c1b61eb8c85257ea07e9354606b26397612627fdcd327bfd91ccf6155e7c86d", size = 292064180 },
]

[[package]]
name = "nvidia-cusparselt-cu12"
version = "0.6.3"
source = { registry = "https://pypi.org/simple" }
wheels = [
    { url = "https://files.pythonhosted.org/packages/3b/9a/72ef35b399b0e183bc2e8f6f558036922d453c4d8237dab26c666a04244b/nvidia_cusparselt_cu12-0.6.3-py3-none-manylinux2014_x86_64.whl", hash = "sha256:e5c8a26c36445dd2e6812f1177978a24e2d37cacce7e090f297a688d1ec44f46", size = 156785796 },
]

[[package]]
name = "nvidia-nccl-cu12"
version = "2.26.2"
source = { registry = "https://pypi.org/simple" }
wheels = [
    { url = "https://files.pythonhosted.org/packages/67/ca/f42388aed0fddd64ade7493dbba36e1f534d4e6fdbdd355c6a90030ae028/nvidia_nccl_cu12-2.26.2-py3-none-manylinux2014_x86_64.manylinux_2_17_x86_64.whl", hash = "sha256:694cf3879a206553cc9d7dbda76b13efaf610fdb70a50cba303de1b0d1530ac6", size = 201319755 },
]

[[package]]
name = "nvidia-nvjitlink-cu12"
version = "12.8.61"
source = { registry = "https://pypi.org/simple" }
wheels = [
    { url = "https://files.pythonhosted.org/packages/03/f8/9d85593582bd99b8d7c65634d2304780aefade049b2b94d96e44084be90b/nvidia_nvjitlink_cu12-12.8.61-py3-none-manylinux2010_x86_64.manylinux_2_12_x86_64.whl", hash = "sha256:45fd79f2ae20bd67e8bc411055939049873bfd8fac70ff13bd4865e0b9bdab17", size = 39243473 },
]

[[package]]
name = "nvidia-nvtx-cu12"
version = "12.8.55"
source = { registry = "https://pypi.org/simple" }
wheels = [
    { url = "https://files.pythonhosted.org/packages/8d/cd/0e8c51b2ae3a58f054f2e7fe91b82d201abfb30167f2431e9bd92d532f42/nvidia_nvtx_cu12-12.8.55-py3-none-manylinux2014_x86_64.manylinux_2_17_x86_64.whl", hash = "sha256:2dd0780f1a55c21d8e06a743de5bd95653de630decfff40621dbde78cc307102", size = 89896 },
]

[[package]]
name = "setuptools"
version = "80.7.1"
source = { registry = "https://pypi.org/simple" }
sdist = { url = "https://files.pythonhosted.org/packages/9e/8b/dc1773e8e5d07fd27c1632c45c1de856ac3dbf09c0147f782ca6d990cf15/setuptools-80.7.1.tar.gz", hash = "sha256:f6ffc5f0142b1bd8d0ca94ee91b30c0ca862ffd50826da1ea85258a06fd94552", size = 1319188 }
wheels = [
    { url = "https://files.pythonhosted.org/packages/a1/18/0e835c3a557dc5faffc8f91092f62fc337c1dab1066715842e7a4b318ec4/setuptools-80.7.1-py3-none-any.whl", hash = "sha256:ca5cc1069b85dc23070a6628e6bcecb3292acac802399c7f8edc0100619f9009", size = 1200776 },
]

[[package]]
name = "sympy"
version = "1.14.0"
source = { registry = "https://pypi.org/simple" }
dependencies = [
    { name = "mpmath" },
]
sdist = { url = "https://files.pythonhosted.org/packages/83/d3/803453b36afefb7c2bb238361cd4ae6125a569b4db67cd9e79846ba2d68c/sympy-1.14.0.tar.gz", hash = "sha256:d3d3fe8df1e5a0b42f0e7bdf50541697dbe7d23746e894990c030e2b05e72517", size = 7793921 }
wheels = [
    { url = "https://files.pythonhosted.org/packages/a2/09/77d55d46fd61b4a135c444fc97158ef34a095e5681d0a6c10b75bf356191/sympy-1.14.0-py3-none-any.whl", hash = "sha256:e091cc3e99d2141a0ba2847328f5479b05d94a6635cb96148ccb3f34671bd8f5", size = 6299353 },
]

[[package]]
name = "torch"
version = "2.7.0"
source = { registry = "https://pypi.org/simple" }
resolution-markers = [
    "python_full_version >= '3.12' and sys_platform != 'linux' and sys_platform != 'win32'",
    "python_full_version < '3.12' and sys_platform != 'linux' and sys_platform != 'win32'",
]
dependencies = [
    { name = "filelock", marker = "sys_platform != 'linux' and sys_platform != 'win32'" },
    { name = "fsspec", marker = "sys_platform != 'linux' and sys_platform != 'win32'" },
    { name = "jinja2", marker = "sys_platform != 'linux' and sys_platform != 'win32'" },
    { name = "networkx", marker = "sys_platform != 'linux' and sys_platform != 'win32'" },
    { name = "setuptools", marker = "python_full_version >= '3.12' and sys_platform != 'linux' and sys_platform != 'win32'" },
    { name = "sympy", marker = "sys_platform != 'linux' and sys_platform != 'win32'" },
    { name = "typing-extensions", marker = "sys_platform != 'linux' and sys_platform != 'win32'" },
]
wheels = [
    { url = "https://files.pythonhosted.org/packages/dc/0b/b2b83f30b8e84a51bf4f96aa3f5f65fdf7c31c591cc519310942339977e2/torch-2.7.0-cp310-none-macosx_11_0_arm64.whl", hash = "sha256:34e0168ed6de99121612d72224e59b2a58a83dae64999990eada7260c5dd582d", size = 68559462 },
    { url = "https://files.pythonhosted.org/packages/aa/3f/85b56f7e2abcfa558c5fbf7b11eb02d78a4a63e6aeee2bbae3bb552abea5/torch-2.7.0-cp311-none-macosx_11_0_arm64.whl", hash = "sha256:0a8d43caa342b9986101ec5feb5bbf1d86570b5caa01e9cb426378311258fdde", size = 68569377 },
    { url = "https://files.pythonhosted.org/packages/ee/8d/b2939e5254be932db1a34b2bd099070c509e8887e0c5a90c498a917e4032/torch-2.7.0-cp312-none-macosx_11_0_arm64.whl", hash = "sha256:30b7688a87239a7de83f269333651d8e582afffce6f591fff08c046f7787296e", size = 68574294 },
    { url = "https://files.pythonhosted.org/packages/28/fd/74ba6fde80e2b9eef4237fe668ffae302c76f0e4221759949a632ca13afa/torch-2.7.0-cp313-cp313t-macosx_14_0_arm64.whl", hash = "sha256:edad98dddd82220465b106506bb91ee5ce32bd075cddbcf2b443dfaa2cbd83bf", size = 68856166 },
    { url = "https://files.pythonhosted.org/packages/90/48/7e6477cf40d48cc0a61fa0d41ee9582b9a316b12772fcac17bc1a40178e7/torch-2.7.0-cp313-none-macosx_11_0_arm64.whl", hash = "sha256:27f5007bdf45f7bb7af7f11d1828d5c2487e030690afb3d89a651fd7036a390e", size = 68575074 },
]

[[package]]
name = "torch"
version = "2.7.0+cu128"
source = { registry = "https://download.pytorch.org/whl/cu128" }
resolution-markers = [
    "(python_full_version >= '3.12' and sys_platform == 'linux') or (python_full_version >= '3.12' and sys_platform == 'win32')",
    "(python_full_version < '3.12' and sys_platform == 'linux') or (python_full_version < '3.12' and sys_platform == 'win32')",
]
dependencies = [
    { name = "filelock", marker = "sys_platform == 'linux' or sys_platform == 'win32'" },
    { name = "fsspec", marker = "sys_platform == 'linux' or sys_platform == 'win32'" },
    { name = "jinja2", marker = "sys_platform == 'linux' or sys_platform == 'win32'" },
    { name = "networkx", marker = "sys_platform == 'linux' or sys_platform == 'win32'" },
    { name = "nvidia-cublas-cu12", marker = "platform_machine == 'x86_64' and sys_platform == 'linux'" },
    { name = "nvidia-cuda-cupti-cu12", marker = "platform_machine == 'x86_64' and sys_platform == 'linux'" },
    { name = "nvidia-cuda-nvrtc-cu12", marker = "platform_machine == 'x86_64' and sys_platform == 'linux'" },
    { name = "nvidia-cuda-runtime-cu12", marker = "platform_machine == 'x86_64' and sys_platform == 'linux'" },
    { name = "nvidia-cudnn-cu12", marker = "platform_machine == 'x86_64' and sys_platform == 'linux'" },
    { name = "nvidia-cufft-cu12", marker = "platform_machine == 'x86_64' and sys_platform == 'linux'" },
    { name = "nvidia-cufile-cu12", marker = "platform_machine == 'x86_64' and sys_platform == 'linux'" },
    { name = "nvidia-curand-cu12", marker = "platform_machine == 'x86_64' and sys_platform == 'linux'" },
    { name = "nvidia-cusolver-cu12", marker = "platform_machine == 'x86_64' and sys_platform == 'linux'" },
    { name = "nvidia-cusparse-cu12", marker = "platform_machine == 'x86_64' and sys_platform == 'linux'" },
    { name = "nvidia-cusparselt-cu12", marker = "platform_machine == 'x86_64' and sys_platform == 'linux'" },
    { name = "nvidia-nccl-cu12", marker = "platform_machine == 'x86_64' and sys_platform == 'linux'" },
    { name = "nvidia-nvjitlink-cu12", marker = "platform_machine == 'x86_64' and sys_platform == 'linux'" },
    { name = "nvidia-nvtx-cu12", marker = "platform_machine == 'x86_64' and sys_platform == 'linux'" },
    { name = "setuptools", marker = "(python_full_version >= '3.12' and sys_platform == 'linux') or (python_full_version >= '3.12' and sys_platform == 'win32')" },
    { name = "sympy", marker = "sys_platform == 'linux' or sys_platform == 'win32'" },
    { name = "triton", marker = "sys_platform == 'linux'" },
    { name = "typing-extensions", marker = "sys_platform == 'linux' or sys_platform == 'win32'" },
]
wheels = [
    { url = "https://download.pytorch.org/whl/cu128/torch-2.7.0%2Bcu128-cp310-cp310-manylinux_2_28_aarch64.whl", hash = "sha256:b1f0cdd0720ad60536deb5baa427b782fd920dd4fcf72e244d32974caafa3b9e" },
    { url = "https://download.pytorch.org/whl/cu128/torch-2.7.0%2Bcu128-cp310-cp310-manylinux_2_28_x86_64.whl", hash = "sha256:ac1849553ee673dfafb44c610c60cb60a2890f0e117f43599a526cf777eb8b8c" },
    { url = "https://download.pytorch.org/whl/cu128/torch-2.7.0%2Bcu128-cp310-cp310-win_amd64.whl", hash = "sha256:c52c4b869742f00b12cb34521d1381be6119fa46244791704b00cc4a3cb06850" },
    { url = "https://download.pytorch.org/whl/cu128/torch-2.7.0%2Bcu128-cp311-cp311-manylinux_2_28_aarch64.whl", hash = "sha256:47c895bcab508769d129d717a4b916b10225ae3855723aeec8dff8efe5346207" },
    { url = "https://download.pytorch.org/whl/cu128/torch-2.7.0%2Bcu128-cp311-cp311-manylinux_2_28_x86_64.whl", hash = "sha256:c4bbc0b4be60319ba1cefc90be9557b317f0b3c261eeceb96ca6e0343eec56bf" },
    { url = "https://download.pytorch.org/whl/cu128/torch-2.7.0%2Bcu128-cp311-cp311-win_amd64.whl", hash = "sha256:bf88f647d76d79da9556ca55df49e45aff1d66c12797886364343179dd09a36c" },
    { url = "https://download.pytorch.org/whl/cu128/torch-2.7.0%2Bcu128-cp312-cp312-manylinux_2_28_aarch64.whl", hash = "sha256:6bba7dca5d9a729f1e8e9befb98055498e551efaf5ed034824c168b560afc1ac" },
    { url = "https://download.pytorch.org/whl/cu128/torch-2.7.0%2Bcu128-cp312-cp312-manylinux_2_28_x86_64.whl", hash = "sha256:7c0f08d1c44a02abad389373dddfce75904b969a410be2f4e5109483dd3dc0ce" },
    { url = "https://download.pytorch.org/whl/cu128/torch-2.7.0%2Bcu128-cp312-cp312-win_amd64.whl", hash = "sha256:1704e5dd66c9221e4e8b6ae2d80cbf54e129571e643f5fa9ca78cc6d2096403a" },
    { url = "https://download.pytorch.org/whl/cu128/torch-2.7.0%2Bcu128-cp313-cp313-manylinux_2_28_aarch64.whl", hash = "sha256:633f35e8b1b1f640ef5f8a98dbd84f19b548222ce7ba8f017fe47ce6badc106a" },
    { url = "https://download.pytorch.org/whl/cu128/torch-2.7.0%2Bcu128-cp313-cp313-manylinux_2_28_x86_64.whl", hash = "sha256:d2f69f909da5dc52113ec66a851d62079f3d52c83184cf64beebdf12ca2f705c" },
    { url = "https://download.pytorch.org/whl/cu128/torch-2.7.0%2Bcu128-cp313-cp313-win_amd64.whl", hash = "sha256:58c749f52ddc9098155c77d6c74153bb13d8978fd6e1063b5d7b41d4644f5af5" },
    { url = "https://download.pytorch.org/whl/cu128/torch-2.7.0%2Bcu128-cp313-cp313t-manylinux_2_28_aarch64.whl", hash = "sha256:fa05ac6ebed4777de7a5eff398c1f17b697c02422516748ce66a8151873e5a0e" },
    { url = "https://download.pytorch.org/whl/cu128/torch-2.7.0%2Bcu128-cp313-cp313t-manylinux_2_28_x86_64.whl", hash = "sha256:78e13c26c38ae92d6841cf9ce760d7e9d52bca3e3183de371812e84274b054dc" },
    { url = "https://download.pytorch.org/whl/cu128/torch-2.7.0%2Bcu128-cp313-cp313t-win_amd64.whl", hash = "sha256:3559e98be824c2b12ab807319cd61c6174d73a524c9961317de8e8a44133c5c5" },
]

[[package]]
name = "torch-performance-test-data"
version = "0.1.0"
source = { virtual = "." }
dependencies = [
    { name = "torch", version = "2.7.0", source = { registry = "https://pypi.org/simple" }, marker = "sys_platform != 'linux' and sys_platform != 'win32'" },
    { name = "torch", version = "2.7.0+cu128", source = { registry = "https://download.pytorch.org/whl/cu128" }, marker = "sys_platform == 'linux' or sys_platform == 'win32'" },
]

[package.metadata]
requires-dist = [
    { name = "torch", marker = "sys_platform != 'linux' and sys_platform != 'win32'", specifier = ">=2.7.0" },
    { name = "torch", marker = "sys_platform == 'linux' or sys_platform == 'win32'", specifier = ">=2.7.0", index = "https://download.pytorch.org/whl/cu128" },
]

[[package]]
name = "triton"
version = "3.3.0"
source = { registry = "https://pypi.org/simple" }
dependencies = [
    { name = "setuptools", marker = "sys_platform == 'linux' or sys_platform == 'win32'" },
]
wheels = [
    { url = "https://files.pythonhosted.org/packages/76/04/d54d3a6d077c646624dc9461b0059e23fd5d30e0dbe67471e3654aec81f9/triton-3.3.0-cp310-cp310-manylinux_2_27_x86_64.manylinux_2_28_x86_64.whl", hash = "sha256:fad99beafc860501d7fcc1fb7045d9496cbe2c882b1674640304949165a916e7", size = 156441993 },
    { url = "https://files.pythonhosted.org/packages/3c/c5/4874a81131cc9e934d88377fbc9d24319ae1fb540f3333b4e9c696ebc607/triton-3.3.0-cp311-cp311-manylinux_2_27_x86_64.manylinux_2_28_x86_64.whl", hash = "sha256:3161a2bf073d6b22c4e2f33f951f3e5e3001462b2570e6df9cd57565bdec2984", size = 156528461 },
    { url = "https://files.pythonhosted.org/packages/11/53/ce18470914ab6cfbec9384ee565d23c4d1c55f0548160b1c7b33000b11fd/triton-3.3.0-cp312-cp312-manylinux_2_27_x86_64.manylinux_2_28_x86_64.whl", hash = "sha256:b68c778f6c4218403a6bd01be7484f6dc9e20fe2083d22dd8aef33e3b87a10a3", size = 156504509 },
    { url = "https://files.pythonhosted.org/packages/7d/74/4bf2702b65e93accaa20397b74da46fb7a0356452c1bb94dbabaf0582930/triton-3.3.0-cp313-cp313-manylinux_2_27_x86_64.manylinux_2_28_x86_64.whl", hash = "sha256:47bc87ad66fa4ef17968299acacecaab71ce40a238890acc6ad197c3abe2b8f1", size = 156516468 },
    { url = "https://files.pythonhosted.org/packages/0a/93/f28a696fa750b9b608baa236f8225dd3290e5aff27433b06143adc025961/triton-3.3.0-cp313-cp313t-manylinux_2_27_x86_64.manylinux_2_28_x86_64.whl", hash = "sha256:ce4700fc14032af1e049005ae94ba908e71cd6c2df682239aed08e49bc71b742", size = 156580729 },
]

[[package]]
name = "typing-extensions"
version = "4.13.2"
source = { registry = "https://pypi.org/simple" }
sdist = { url = "https://files.pythonhosted.org/packages/f6/37/23083fcd6e35492953e8d2aaaa68b860eb422b34627b13f2ce3eb6106061/typing_extensions-4.13.2.tar.gz", hash = "sha256:e6c81219bd689f51865d9e372991c540bda33a0379d5573cddb9a3a23f7caaef", size = 106967 }
wheels = [
    { url = "https://files.pythonhosted.org/packages/8b/54/b1ae86c0973cc6f0210b53d508ca3641fb6d0c56823f288d108bc7ab3cc8/typing_extensions-4.13.2-py3-none-any.whl", hash = "sha256:a439e7c04b49fec3e5d3e2beaa21755cadbbdc391694e28ccdd36ca4a1408f8c", size = 45806 },
]
